# THIS IS AN AUTOGENERATED FILE. DO NOT EDIT THIS FILE DIRECTLY.
# yarn lockfile v1


"@babel/runtime@^7.3.1", "@babel/runtime@^7.4.4", "@babel/runtime@^7.5.5", "@babel/runtime@^7.8.3", "@babel/runtime@^7.8.7":
  version "7.15.3"
  resolved "https://registry.yarnpkg.com/@babel/runtime/-/runtime-7.15.3.tgz#2e1c2880ca118e5b2f9988322bd8a7656a32502b"
  integrity sha512-OvwMLqNXkCXSz1kSm58sEsNuhqOx/fKpnUnKnFB5v8uDda5bLNEHNgKPvhDN6IU0LDcnHQ90LlJ0Q6jnyBSIBA==
  dependencies:
    regenerator-runtime "^0.13.4"

"@emotion/hash@^0.8.0":
  version "0.8.0"
  resolved "https://registry.npm.taobao.org/@emotion/hash/download/@emotion/hash-0.8.0.tgz#bbbff68978fefdbe68ccb533bc8cbe1d1afb5413"
  integrity sha1-u7/2iXj+/b5ozLUzvIy+HRr7VBM=

"@material-ui/core@^4.11.1":
  version "4.11.3"
  resolved "https://registry.npm.taobao.org/@material-ui/core/download/@material-ui/core-4.11.3.tgz#f22e41775b0bd075e36a7a093d43951bf7f63850"
  integrity sha1-8i5Bd1sL0HXjanoJPUOVG/f2OFA=
  dependencies:
    "@babel/runtime" "^7.4.4"
    "@material-ui/styles" "^4.11.3"
    "@material-ui/system" "^4.11.3"
    "@material-ui/types" "^5.1.0"
    "@material-ui/utils" "^4.11.2"
    "@types/react-transition-group" "^4.2.0"
    clsx "^1.0.4"
    hoist-non-react-statics "^3.3.2"
    popper.js "1.16.1-lts"
    prop-types "^15.7.2"
    react-is "^16.8.0 || ^17.0.0"
    react-transition-group "^4.4.0"

"@material-ui/styles@^4.11.3":
  version "4.11.3"
  resolved "https://registry.npm.taobao.org/@material-ui/styles/download/@material-ui/styles-4.11.3.tgz#1b8d97775a4a643b53478c895e3f2a464e8916f2"
  integrity sha1-G42Xd1pKZDtTR4yJXj8qRk6JFvI=
  dependencies:
    "@babel/runtime" "^7.4.4"
    "@emotion/hash" "^0.8.0"
    "@material-ui/types" "^5.1.0"
    "@material-ui/utils" "^4.11.2"
    clsx "^1.0.4"
    csstype "^2.5.2"
    hoist-non-react-statics "^3.3.2"
    jss "^10.5.1"
    jss-plugin-camel-case "^10.5.1"
    jss-plugin-default-unit "^10.5.1"
    jss-plugin-global "^10.5.1"
    jss-plugin-nested "^10.5.1"
    jss-plugin-props-sort "^10.5.1"
    jss-plugin-rule-value-function "^10.5.1"
    jss-plugin-vendor-prefixer "^10.5.1"
    prop-types "^15.7.2"

"@material-ui/system@^4.11.3":
  version "4.11.3"
  resolved "https://registry.npm.taobao.org/@material-ui/system/download/@material-ui/system-4.11.3.tgz?cache=0&sync_timestamp=1611671619081&other_urls=https%3A%2F%2Fregistry.npm.taobao.org%2F%40material-ui%2Fsystem%2Fdownload%2F%40material-ui%2Fsystem-4.11.3.tgz#466bc14c9986798fd325665927c963eb47cc4143"
  integrity sha1-RmvBTJmGeY/TJWZZJ8lj60fMQUM=
  dependencies:
    "@babel/runtime" "^7.4.4"
    "@material-ui/utils" "^4.11.2"
    csstype "^2.5.2"
    prop-types "^15.7.2"

"@material-ui/types@^5.1.0":
  version "5.1.0"
  resolved "https://registry.npm.taobao.org/@material-ui/types/download/@material-ui/types-5.1.0.tgz#efa1c7a0b0eaa4c7c87ac0390445f0f88b0d88f2"
  integrity sha1-76HHoLDqpMfIesA5BEXw+IsNiPI=

"@material-ui/utils@^4.11.2":
  version "4.11.2"
  resolved "https://registry.npm.taobao.org/@material-ui/utils/download/@material-ui/utils-4.11.2.tgz#f1aefa7e7dff2ebcb97d31de51aecab1bb57540a"
  integrity sha1-8a76fn3/Lry5fTHeUa7KsbtXVAo=
  dependencies:
    "@babel/runtime" "^7.4.4"
    prop-types "^15.7.2"
    react-is "^16.8.0 || ^17.0.0"

"@next/env@12.1.0":
  version "12.1.0"
  resolved "https://registry.yarnpkg.com/@next/env/-/env-12.1.0.tgz#73713399399b34aa5a01771fb73272b55b22c314"
  integrity sha512-nrIgY6t17FQ9xxwH3jj0a6EOiQ/WDHUos35Hghtr+SWN/ntHIQ7UpuvSi0vaLzZVHQWaDupKI+liO5vANcDeTQ==

"@next/swc-android-arm64@12.1.0":
  version "12.1.0"
  resolved "https://registry.yarnpkg.com/@next/swc-android-arm64/-/swc-android-arm64-12.1.0.tgz#865ba3a9afc204ff2bdeea49dd64d58705007a39"
  integrity sha512-/280MLdZe0W03stA69iL+v6I+J1ascrQ6FrXBlXGCsGzrfMaGr7fskMa0T5AhQIVQD4nA/46QQWxG//DYuFBcA==

"@next/swc-darwin-arm64@12.1.0":
  version "12.1.0"
  resolved "https://registry.yarnpkg.com/@next/swc-darwin-arm64/-/swc-darwin-arm64-12.1.0.tgz#08e8b411b8accd095009ed12efbc2f1d4d547135"
  integrity sha512-R8vcXE2/iONJ1Unf5Ptqjk6LRW3bggH+8drNkkzH4FLEQkHtELhvcmJwkXcuipyQCsIakldAXhRbZmm3YN1vXg==

"@next/swc-darwin-x64@12.1.0":
  version "12.1.0"
  resolved "https://registry.yarnpkg.com/@next/swc-darwin-x64/-/swc-darwin-x64-12.1.0.tgz#fcd684497a76e8feaca88db3c394480ff0b007cd"
  integrity sha512-ieAz0/J0PhmbZBB8+EA/JGdhRHBogF8BWaeqR7hwveb6SYEIJaDNQy0I+ZN8gF8hLj63bEDxJAs/cEhdnTq+ug==

"@next/swc-linux-arm-gnueabihf@12.1.0":
  version "12.1.0"
  resolved "https://registry.yarnpkg.com/@next/swc-linux-arm-gnueabihf/-/swc-linux-arm-gnueabihf-12.1.0.tgz#9ec6380a27938a5799aaa6035c205b3c478468a7"
  integrity sha512-njUd9hpl6o6A5d08dC0cKAgXKCzm5fFtgGe6i0eko8IAdtAPbtHxtpre3VeSxdZvuGFh+hb0REySQP9T1ttkog==

"@next/swc-linux-arm64-gnu@12.1.0":
  version "12.1.0"
  resolved "https://registry.yarnpkg.com/@next/swc-linux-arm64-gnu/-/swc-linux-arm64-gnu-12.1.0.tgz#7f4196dff1049cea479607c75b81033ae2dbd093"
  integrity sha512-OqangJLkRxVxMhDtcb7Qn1xjzFA3s50EIxY7mljbSCLybU+sByPaWAHY4px97ieOlr2y4S0xdPKkQ3BCAwyo6Q==

"@next/swc-linux-arm64-musl@12.1.0":
  version "12.1.0"
  resolved "https://registry.yarnpkg.com/@next/swc-linux-arm64-musl/-/swc-linux-arm64-musl-12.1.0.tgz#b445f767569cdc2dddee785ca495e1a88c025566"
  integrity sha512-hB8cLSt4GdmOpcwRe2UzI5UWn6HHO/vLkr5OTuNvCJ5xGDwpPXelVkYW/0+C3g5axbDW2Tym4S+MQCkkH9QfWA==

"@next/swc-linux-x64-gnu@12.1.0":
  version "12.1.0"
  resolved "https://registry.yarnpkg.com/@next/swc-linux-x64-gnu/-/swc-linux-x64-gnu-12.1.0.tgz#67610e9be4fbc987de7535f1bcb17e45fe12f90e"
  integrity sha512-OKO4R/digvrVuweSw/uBM4nSdyzsBV5EwkUeeG4KVpkIZEe64ZwRpnFB65bC6hGwxIBnTv5NMSnJ+0K/WmG78A==

"@next/swc-linux-x64-musl@12.1.0":
  version "12.1.0"
  resolved "https://registry.yarnpkg.com/@next/swc-linux-x64-musl/-/swc-linux-x64-musl-12.1.0.tgz#ea19a23db08a9f2e34ac30401f774cf7d1669d31"
  integrity sha512-JohhgAHZvOD3rQY7tlp7NlmvtvYHBYgY0x5ZCecUT6eCCcl9lv6iV3nfu82ErkxNk1H893fqH0FUpznZ/H3pSw==

"@next/swc-win32-arm64-msvc@12.1.0":
  version "12.1.0"
  resolved "https://registry.yarnpkg.com/@next/swc-win32-arm64-msvc/-/swc-win32-arm64-msvc-12.1.0.tgz#eadf054fc412085659b98e145435bbba200b5283"
  integrity sha512-T/3gIE6QEfKIJ4dmJk75v9hhNiYZhQYAoYm4iVo1TgcsuaKLFa+zMPh4056AHiG6n9tn2UQ1CFE8EoybEsqsSw==

"@next/swc-win32-ia32-msvc@12.1.0":
  version "12.1.0"
  resolved "https://registry.yarnpkg.com/@next/swc-win32-ia32-msvc/-/swc-win32-ia32-msvc-12.1.0.tgz#68faeae10c89f698bf9d28759172b74c9c21bda1"
  integrity sha512-iwnKgHJdqhIW19H9PRPM9j55V6RdcOo6rX+5imx832BCWzkDbyomWnlzBfr6ByUYfhohb8QuH4hSGEikpPqI0Q==

"@next/swc-win32-x64-msvc@12.1.0":
  version "12.1.0"
  resolved "https://registry.yarnpkg.com/@next/swc-win32-x64-msvc/-/swc-win32-x64-msvc-12.1.0.tgz#d27e7e76c87a460a4da99c5bfdb1618dcd6cd064"
  integrity sha512-aBvcbMwuanDH4EMrL2TthNJy+4nP59Bimn8egqv6GHMVj0a44cU6Au4PjOhLNqEh9l+IpRGBqMTzec94UdC5xg==

"@types/echarts@^4.9.2":
  version "4.9.3"
  resolved "https://registry.npm.taobao.org/@types/echarts/download/@types/echarts-4.9.3.tgz#8a143cf315f6ae88d0778d75a133b378974d37d5"
  integrity sha1-ihQ88xX2rojQd411oTOzeJdNN9U=
  dependencies:
    "@types/zrender" "*"

"@types/mdast@^3.0.0", "@types/mdast@^3.0.3":
  version "3.0.3"
  resolved "https://registry.npm.taobao.org/@types/mdast/download/@types/mdast-3.0.3.tgz#2d7d671b1cd1ea3deb306ea75036c2a0407d2deb"
  integrity sha1-LX1nGxzR6j3rMG6nUDbCoEB9Les=
  dependencies:
    "@types/unist" "*"

"@types/node@^14.14.10":
  version "14.14.25"
  resolved "https://registry.npm.taobao.org/@types/node/download/@types/node-14.14.25.tgz#15967a7b577ff81383f9b888aa6705d43fbbae93"
  integrity sha1-FZZ6e1d/+BOD+biIqmcF1D+7rpM=

"@types/prop-types@*":
  version "15.7.3"
  resolved "https://registry.npm.taobao.org/@types/prop-types/download/@types/prop-types-15.7.3.tgz#2ab0d5da2e5815f94b0b9d4b95d1e5f243ab2ca7"
  integrity sha1-KrDV2i5YFflLC51LldHl8kOrLKc=

"@types/react-transition-group@^4.2.0":
  version "4.4.0"
  resolved "https://registry.npm.taobao.org/@types/react-transition-group/download/@types/react-transition-group-4.4.0.tgz?cache=0&sync_timestamp=1605057268150&other_urls=https%3A%2F%2Fregistry.npm.taobao.org%2F%40types%2Freact-transition-group%2Fdownload%2F%40types%2Freact-transition-group-4.4.0.tgz#882839db465df1320e4753e6e9f70ca7e9b4d46d"
  integrity sha1-iCg520Zd8TIOR1Pm6fcMp+m01G0=
  dependencies:
    "@types/react" "*"

"@types/react@*", "@types/react@^17.0.0":
  version "17.0.1"
  resolved "https://registry.npm.taobao.org/@types/react/download/@types/react-17.0.1.tgz#eb1f1407dea8da3bc741879c1192aa703ab9975b"
  integrity sha1-6x8UB96o2jvHQYecEZKqcDq5l1s=
  dependencies:
    "@types/prop-types" "*"
    csstype "^3.0.2"

"@types/unist@*", "@types/unist@^2.0.0", "@types/unist@^2.0.2", "@types/unist@^2.0.3":
  version "2.0.3"
  resolved "https://registry.npm.taobao.org/@types/unist/download/@types/unist-2.0.3.tgz?cache=0&sync_timestamp=1605057594755&other_urls=https%3A%2F%2Fregistry.npm.taobao.org%2F%40types%2Funist%2Fdownload%2F%40types%2Funist-2.0.3.tgz#9c088679876f374eb5983f150d4787aa6fb32d7e"
  integrity sha1-nAiGeYdvN061mD8VDUeHqm+zLX4=

"@types/zrender@*":
  version "4.0.0"
  resolved "https://registry.npm.taobao.org/@types/zrender/download/@types/zrender-4.0.0.tgz?cache=0&sync_timestamp=1605057466822&other_urls=https%3A%2F%2Fregistry.npm.taobao.org%2F%40types%2Fzrender%2Fdownload%2F%40types%2Fzrender-4.0.0.tgz#a6806f12ec4eccaaebd9b0d816f049aca6188fbd"
  integrity sha1-poBvEuxOzKrr2bDYFvBJrKYYj70=

bail@^1.0.0:
  version "1.0.5"
  resolved "https://registry.npm.taobao.org/bail/download/bail-1.0.5.tgz?cache=0&sync_timestamp=1579948347126&other_urls=https%3A%2F%2Fregistry.npm.taobao.org%2Fbail%2Fdownload%2Fbail-1.0.5.tgz#b6fa133404a392cbc1f8c4bf63f5953351e7a776"
  integrity sha1-tvoTNASjksvB+MS/Y/WVM1Hnp3Y=

balanced-match@^1.0.0:
  version "1.0.0"
  resolved "https://registry.npm.taobao.org/balanced-match/download/balanced-match-1.0.0.tgz#89b4d199ab2bee49de164ea02b89ce462d71b767"
  integrity sha1-ibTRmasr7kneFk6gK4nORi1xt2c=

brace-expansion@^1.1.7:
  version "1.1.11"
  resolved "https://registry.npm.taobao.org/brace-expansion/download/brace-expansion-1.1.11.tgz?cache=0&sync_timestamp=1601898189928&other_urls=https%3A%2F%2Fregistry.npm.taobao.org%2Fbrace-expansion%2Fdownload%2Fbrace-expansion-1.1.11.tgz#3c7fcbf529d87226f3d2f52b966ff5271eb441dd"
  integrity sha1-PH/L9SnYcibz0vUrlm/1Jx60Qd0=
  dependencies:
    balanced-match "^1.0.0"
    concat-map "0.0.1"

caniuse-lite@^1.0.30001283:
  version "1.0.30001312"
  resolved "https://registry.yarnpkg.com/caniuse-lite/-/caniuse-lite-1.0.30001312.tgz#e11eba4b87e24d22697dae05455d5aea28550d5f"
  integrity sha512-Wiz1Psk2MEK0pX3rUzWaunLTZzqS2JYZFzNKqAiJGiuxIjRPLgV6+VDPOg6lQOUxmDwhTlh198JsTTi8Hzw6aQ==

character-entities-legacy@^1.0.0:
  version "1.1.4"
  resolved "https://registry.npm.taobao.org/character-entities-legacy/download/character-entities-legacy-1.1.4.tgz?cache=0&other_urls=https%3A%2F%2Fregistry.npm.taobao.org%2Fcharacter-entities-legacy%2Fdownload%2Fcharacter-entities-legacy-1.1.4.tgz#94bc1845dce70a5bb9d2ecc748725661293d8fc1"
  integrity sha1-lLwYRdznClu50uzHSHJWYSk9j8E=

character-entities@^1.0.0:
  version "1.2.4"
  resolved "https://registry.npm.taobao.org/character-entities/download/character-entities-1.2.4.tgz#e12c3939b7eaf4e5b15e7ad4c5e28e1d48c5b16b"
  integrity sha1-4Sw5Obfq9OWxXnrUxeKOHUjFsWs=

character-reference-invalid@^1.0.0:
  version "1.1.4"
  resolved "https://registry.npm.taobao.org/character-reference-invalid/download/character-reference-invalid-1.1.4.tgz#083329cda0eae272ab3dbbf37e9a382c13af1560"
  integrity sha1-CDMpzaDq4nKrPbvzfpo4LBOvFWA=

clsx@^1.0.4:
  version "1.1.1"
  resolved "https://registry.npm.taobao.org/clsx/download/clsx-1.1.1.tgz#98b3134f9abbdf23b2663491ace13c5c03a73188"
  integrity sha1-mLMTT5q73yOyZjSRrOE8XAOnMYg=

concat-map@0.0.1:
  version "0.0.1"
  resolved "https://registry.npm.taobao.org/concat-map/download/concat-map-0.0.1.tgz#d8a96bd77fd68df7793a73036a3ba0d5405d477b"
  integrity sha1-2Klr13/Wjfd5OnMDajug1UBdR3s=

css-vendor@^2.0.8:
  version "2.0.8"
  resolved "https://registry.npm.taobao.org/css-vendor/download/css-vendor-2.0.8.tgz#e47f91d3bd3117d49180a3c935e62e3d9f7f449d"
  integrity sha1-5H+R070xF9SRgKPJNeYuPZ9/RJ0=
  dependencies:
    "@babel/runtime" "^7.8.3"
    is-in-browser "^1.0.2"

csstype@^2.5.2:
  version "2.6.14"
  resolved "https://registry.npm.taobao.org/csstype/download/csstype-2.6.14.tgz?cache=0&sync_timestamp=1610107098407&other_urls=https%3A%2F%2Fregistry.npm.taobao.org%2Fcsstype%2Fdownload%2Fcsstype-2.6.14.tgz#004822a4050345b55ad4dcc00be1d9cf2f4296de"
  integrity sha1-AEgipAUDRbVa1NzAC+HZzy9Clt4=

csstype@^3.0.2:
  version "3.0.6"
  resolved "https://registry.npm.taobao.org/csstype/download/csstype-3.0.6.tgz?cache=0&sync_timestamp=1610107098407&other_urls=https%3A%2F%2Fregistry.npm.taobao.org%2Fcsstype%2Fdownload%2Fcsstype-3.0.6.tgz#865d0b5833d7d8d40f4e5b8a6d76aea3de4725ef"
  integrity sha1-hl0LWDPX2NQPTluKbXauo95HJe8=

debug@^4.0.0:
  version "4.3.1"
  resolved "https://registry.npm.taobao.org/debug/download/debug-4.3.1.tgz?cache=0&sync_timestamp=1607566580543&other_urls=https%3A%2F%2Fregistry.npm.taobao.org%2Fdebug%2Fdownload%2Fdebug-4.3.1.tgz#f0d229c505e0c6d8c49ac553d1b13dc183f6b2ee"
  integrity sha1-8NIpxQXgxtjEmsVT0bE9wYP2su4=
  dependencies:
    ms "2.1.2"

dom-helpers@^5.0.1:
  version "5.2.0"
  resolved "https://registry.npm.taobao.org/dom-helpers/download/dom-helpers-5.2.0.tgz#57fd054c5f8f34c52a3eeffdb7e7e93cd357d95b"
  integrity sha1-V/0FTF+PNMUqPu/9t+fpPNNX2Vs=
  dependencies:
    "@babel/runtime" "^7.8.7"
    csstype "^3.0.2"

dom-serializer@^1.0.1:
  version "1.2.0"
  resolved "https://registry.npm.taobao.org/dom-serializer/download/dom-serializer-1.2.0.tgz#3433d9136aeb3c627981daa385fc7f32d27c48f1"
  integrity sha1-NDPZE2rrPGJ5gdqjhfx/MtJ8SPE=
  dependencies:
    domelementtype "^2.0.1"
    domhandler "^4.0.0"
    entities "^2.0.0"

domelementtype@^2.0.1, domelementtype@^2.1.0:
  version "2.1.0"
  resolved "https://registry.npm.taobao.org/domelementtype/download/domelementtype-2.1.0.tgz?cache=0&sync_timestamp=1606865969598&other_urls=https%3A%2F%2Fregistry.npm.taobao.org%2Fdomelementtype%2Fdownload%2Fdomelementtype-2.1.0.tgz#a851c080a6d1c3d94344aed151d99f669edf585e"
  integrity sha1-qFHAgKbRw9lDRK7RUdmfZp7fWF4=

domhandler@^3.3.0:
  version "3.3.0"
  resolved "https://registry.npm.taobao.org/domhandler/download/domhandler-3.3.0.tgz?cache=0&sync_timestamp=1606872277715&other_urls=https%3A%2F%2Fregistry.npm.taobao.org%2Fdomhandler%2Fdownload%2Fdomhandler-3.3.0.tgz#6db7ea46e4617eb15cf875df68b2b8524ce0037a"
  integrity sha1-bbfqRuRhfrFc+HXfaLK4UkzgA3o=
  dependencies:
    domelementtype "^2.0.1"

domhandler@^4.0.0:
  version "4.0.0"
  resolved "https://registry.npm.taobao.org/domhandler/download/domhandler-4.0.0.tgz?cache=0&sync_timestamp=1606872277715&other_urls=https%3A%2F%2Fregistry.npm.taobao.org%2Fdomhandler%2Fdownload%2Fdomhandler-4.0.0.tgz#01ea7821de996d85f69029e81fa873c21833098e"
  integrity sha1-Aep4Id6ZbYX2kCnoH6hzwhgzCY4=
  dependencies:
    domelementtype "^2.1.0"

domutils@^2.4.2:
  version "2.4.4"
  resolved "https://registry.npm.taobao.org/domutils/download/domutils-2.4.4.tgz#282739c4b150d022d34699797369aad8d19bbbd3"
  integrity sha1-KCc5xLFQ0CLTRpl5c2mq2NGbu9M=
  dependencies:
    dom-serializer "^1.0.1"
    domelementtype "^2.0.1"
    domhandler "^4.0.0"

echarts-for-react@^2.0.16:
  version "2.0.16"
  resolved "https://registry.npm.taobao.org/echarts-for-react/download/echarts-for-react-2.0.16.tgz#8134a53dff90882c1e6a95c45ceab21e00f6c9f5"
  integrity sha1-gTSlPf+QiCweapXEXOqyHgD2yfU=
  dependencies:
    fast-deep-equal "^2.0.1"
    size-sensor "^1.0.0"

echarts@4:
  version "4.9.0"
  resolved "https://registry.npm.taobao.org/echarts/download/echarts-4.9.0.tgz#a9b9baa03f03a2a731e6340c55befb57a9e1347d"
  integrity sha1-qbm6oD8Doqcx5jQMVb77V6nhNH0=
  dependencies:
    zrender "4.3.2"

entities@^2.0.0:
  version "2.2.0"
  resolved "https://registry.npm.taobao.org/entities/download/entities-2.2.0.tgz#098dc90ebb83d8dffa089d55256b351d34c4da55"
  integrity sha1-CY3JDruD2N/6CJ1VJWs1HTTE2lU=

extend@^3.0.0:
  version "3.0.2"
  resolved "https://registry.npm.taobao.org/extend/download/extend-3.0.2.tgz#f8b1136b4071fbd8eb140aff858b1019ec2915fa"
  integrity sha1-+LETa0Bx+9jrFAr/hYsQGewpFfo=

fast-deep-equal@^2.0.1:
  version "2.0.1"
  resolved "https://registry.npm.taobao.org/fast-deep-equal/download/fast-deep-equal-2.0.1.tgz?cache=0&sync_timestamp=1591599651635&other_urls=https%3A%2F%2Fregistry.npm.taobao.org%2Ffast-deep-equal%2Fdownload%2Ffast-deep-equal-2.0.1.tgz#7b05218ddf9667bf7f370bf7fdb2cb15fdd0aa49"
  integrity sha1-ewUhjd+WZ79/Nwv3/bLLFf3Qqkk=

fs.realpath@^1.0.0:
  version "1.0.0"
  resolved "https://registry.npm.taobao.org/fs.realpath/download/fs.realpath-1.0.0.tgz#1504ad2523158caa40db4a2787cb01411994ea4f"
  integrity sha1-FQStJSMVjKpA20onh8sBQRmU6k8=

glob@^7.1.3:
  version "7.1.6"
  resolved "https://registry.npm.taobao.org/glob/download/glob-7.1.6.tgz#141f33b81a7c2492e125594307480c46679278a6"
  integrity sha1-FB8zuBp8JJLhJVlDB0gMRmeSeKY=
  dependencies:
    fs.realpath "^1.0.0"
    inflight "^1.0.4"
    inherits "2"
    minimatch "^3.0.4"
    once "^1.3.0"
    path-is-absolute "^1.0.0"

hoist-non-react-statics@^3.3.2:
  version "3.3.2"
  resolved "https://registry.npm.taobao.org/hoist-non-react-statics/download/hoist-non-react-statics-3.3.2.tgz#ece0acaf71d62c2969c2ec59feff42a4b1a85b45"
  integrity sha1-7OCsr3HWLClpwuxZ/v9CpLGoW0U=
  dependencies:
    react-is "^16.7.0"

html-to-react@^1.3.4:
  version "1.4.5"
  resolved "https://registry.npm.taobao.org/html-to-react/download/html-to-react-1.4.5.tgz#59091c11021d1ef315ef738460abb6a4a41fe1ce"
  integrity sha1-WQkcEQIdHvMV73OEYKu2pKQf4c4=
  dependencies:
    domhandler "^3.3.0"
    htmlparser2 "^5.0"
    lodash.camelcase "^4.3.0"
    ramda "^0.27.1"

htmlparser2@^5.0:
  version "5.0.1"
  resolved "https://registry.npm.taobao.org/htmlparser2/download/htmlparser2-5.0.1.tgz?cache=0&sync_timestamp=1607394302039&other_urls=https%3A%2F%2Fregistry.npm.taobao.org%2Fhtmlparser2%2Fdownload%2Fhtmlparser2-5.0.1.tgz#7daa6fc3e35d6107ac95a4fc08781f091664f6e7"
  integrity sha1-fapvw+NdYQeslaT8CHgfCRZk9uc=
  dependencies:
    domelementtype "^2.0.1"
    domhandler "^3.3.0"
    domutils "^2.4.2"
    entities "^2.0.0"

hyphenate-style-name@^1.0.3:
  version "1.0.4"
  resolved "https://registry.npm.taobao.org/hyphenate-style-name/download/hyphenate-style-name-1.0.4.tgz?cache=0&sync_timestamp=1594640136347&other_urls=https%3A%2F%2Fregistry.npm.taobao.org%2Fhyphenate-style-name%2Fdownload%2Fhyphenate-style-name-1.0.4.tgz#691879af8e220aea5750e8827db4ef62a54e361d"
  integrity sha1-aRh5r44iCupXUOiCfbTvYqVONh0=

indefinite-observable@^2.0.1:
  version "2.0.1"
  resolved "https://registry.npm.taobao.org/indefinite-observable/download/indefinite-observable-2.0.1.tgz#574af29bfbc17eb5947793797bddc94c9d859400"
  integrity sha1-V0rym/vBfrWUd5N5e93JTJ2FlAA=
  dependencies:
    symbol-observable "1.2.0"

inflight@^1.0.4:
  version "1.0.6"
  resolved "https://registry.npm.taobao.org/inflight/download/inflight-1.0.6.tgz#49bd6331d7d02d0c09bc910a1075ba8165b56df9"
  integrity sha1-Sb1jMdfQLQwJvJEKEHW6gWW1bfk=
  dependencies:
    once "^1.3.0"
    wrappy "1"

inherits@2:
  version "2.0.4"
  resolved "https://registry.npm.taobao.org/inherits/download/inherits-2.0.4.tgz#0fa2c64f932917c3433a0ded55363aae37416b7c"
  integrity sha1-D6LGT5MpF8NDOg3tVTY6rjdBa3w=

is-alphabetical@^1.0.0:
  version "1.0.4"
  resolved "https://registry.npm.taobao.org/is-alphabetical/download/is-alphabetical-1.0.4.tgz#9e7d6b94916be22153745d184c298cbf986a686d"
  integrity sha1-nn1rlJFr4iFTdF0YTCmMv5hqaG0=

is-alphanumerical@^1.0.0:
  version "1.0.4"
  resolved "https://registry.npm.taobao.org/is-alphanumerical/download/is-alphanumerical-1.0.4.tgz#7eb9a2431f855f6b1ef1a78e326df515696c4dbf"
  integrity sha1-frmiQx+FX2se8aeOMm31FWlsTb8=
  dependencies:
    is-alphabetical "^1.0.0"
    is-decimal "^1.0.0"

is-buffer@^2.0.0:
  version "2.0.5"
  resolved "https://registry.npm.taobao.org/is-buffer/download/is-buffer-2.0.5.tgz?cache=0&sync_timestamp=1604429388528&other_urls=https%3A%2F%2Fregistry.npm.taobao.org%2Fis-buffer%2Fdownload%2Fis-buffer-2.0.5.tgz#ebc252e400d22ff8d77fa09888821a24a658c191"
  integrity sha1-68JS5ADSL/jXf6CYiIIaJKZYwZE=

is-decimal@^1.0.0:
  version "1.0.4"
  resolved "https://registry.npm.taobao.org/is-decimal/download/is-decimal-1.0.4.tgz#65a3a5958a1c5b63a706e1b333d7cd9f630d3fa5"
  integrity sha1-ZaOllYocW2OnBuGzM9fNn2MNP6U=

is-hexadecimal@^1.0.0:
  version "1.0.4"
  resolved "https://registry.npm.taobao.org/is-hexadecimal/download/is-hexadecimal-1.0.4.tgz#cc35c97588da4bd49a8eedd6bc4082d44dcb23a7"
  integrity sha1-zDXJdYjaS9Saju3WvECC1E3LI6c=

is-in-browser@^1.0.2, is-in-browser@^1.1.3:
  version "1.1.3"
  resolved "https://registry.npm.taobao.org/is-in-browser/download/is-in-browser-1.1.3.tgz#56ff4db683a078c6082eb95dad7dc62e1d04f835"
  integrity sha1-Vv9NtoOgeMYILrldrX3GLh0E+DU=

is-plain-obj@^2.0.0:
  version "2.1.0"
  resolved "https://registry.npm.taobao.org/is-plain-obj/download/is-plain-obj-2.1.0.tgz#45e42e37fccf1f40da8e5f76ee21515840c09287"
  integrity sha1-ReQuN/zPH0Dajl927iFRWEDAkoc=

"js-tokens@^3.0.0 || ^4.0.0":
  version "4.0.0"
  resolved "https://registry.npm.taobao.org/js-tokens/download/js-tokens-4.0.0.tgz#19203fb59991df98e3a287050d4647cdeaf32499"
  integrity sha1-GSA/tZmR35jjoocFDUZHzerzJJk=

jss-plugin-camel-case@^10.5.1:
  version "10.5.1"
  resolved "https://registry.npm.taobao.org/jss-plugin-camel-case/download/jss-plugin-camel-case-10.5.1.tgz#427b24a9951b4c2eaa7e3d5267acd2e00b0934f9"
  integrity sha1-QnskqZUbTC6qfj1SZ6zS4AsJNPk=
  dependencies:
    "@babel/runtime" "^7.3.1"
    hyphenate-style-name "^1.0.3"
    jss "10.5.1"

jss-plugin-default-unit@^10.5.1:
  version "10.5.1"
  resolved "https://registry.npm.taobao.org/jss-plugin-default-unit/download/jss-plugin-default-unit-10.5.1.tgz#2be385d71d50aee2ee81c2a9ac70e00592ed861b"
  integrity sha1-K+OF1x1QruLugcKprHDgBZLthhs=
  dependencies:
    "@babel/runtime" "^7.3.1"
    jss "10.5.1"

jss-plugin-global@^10.5.1:
  version "10.5.1"
  resolved "https://registry.npm.taobao.org/jss-plugin-global/download/jss-plugin-global-10.5.1.tgz#0e1793dea86c298360a7e2004721351653c7e764"
  integrity sha1-DheT3qhsKYNgp+IARyE1FlPH52Q=
  dependencies:
    "@babel/runtime" "^7.3.1"
    jss "10.5.1"

jss-plugin-nested@^10.5.1:
  version "10.5.1"
  resolved "https://registry.npm.taobao.org/jss-plugin-nested/download/jss-plugin-nested-10.5.1.tgz#8753a80ad31190fb6ac6fdd39f57352dcf1295bb"
  integrity sha1-h1OoCtMRkPtqxv3Tn1c1Lc8Slbs=
  dependencies:
    "@babel/runtime" "^7.3.1"
    jss "10.5.1"
    tiny-warning "^1.0.2"

jss-plugin-props-sort@^10.5.1:
  version "10.5.1"
  resolved "https://registry.npm.taobao.org/jss-plugin-props-sort/download/jss-plugin-props-sort-10.5.1.tgz#ab1c167fd2d4506fb6a1c1d66c5f3ef545ff1cd8"
  integrity sha1-qxwWf9LUUG+2ocHWbF8+9UX/HNg=
  dependencies:
    "@babel/runtime" "^7.3.1"
    jss "10.5.1"

jss-plugin-rule-value-function@^10.5.1:
  version "10.5.1"
  resolved "https://registry.npm.taobao.org/jss-plugin-rule-value-function/download/jss-plugin-rule-value-function-10.5.1.tgz#37f4030523fb3032c8801fab48c36c373004de7e"
  integrity sha1-N/QDBSP7MDLIgB+rSMNsNzAE3n4=
  dependencies:
    "@babel/runtime" "^7.3.1"
    jss "10.5.1"
    tiny-warning "^1.0.2"

jss-plugin-vendor-prefixer@^10.5.1:
  version "10.5.1"
  resolved "https://registry.npm.taobao.org/jss-plugin-vendor-prefixer/download/jss-plugin-vendor-prefixer-10.5.1.tgz#45a183a3a0eb097bdfab0986b858d99920c0bbd8"
  integrity sha1-RaGDo6DrCXvfqwmGuFjZmSDAu9g=
  dependencies:
    "@babel/runtime" "^7.3.1"
    css-vendor "^2.0.8"
    jss "10.5.1"

jss@10.5.1, jss@^10.5.1:
  version "10.5.1"
  resolved "https://registry.npm.taobao.org/jss/download/jss-10.5.1.tgz#93e6b2428c840408372d8b548c3f3c60fa601c40"
  integrity sha1-k+ayQoyEBAg3LYtUjD88YPpgHEA=
  dependencies:
    "@babel/runtime" "^7.3.1"
    csstype "^3.0.2"
    indefinite-observable "^2.0.1"
    is-in-browser "^1.1.3"
    tiny-warning "^1.0.2"

lodash.camelcase@^4.3.0:
  version "4.3.0"
  resolved "https://registry.npm.taobao.org/lodash.camelcase/download/lodash.camelcase-4.3.0.tgz?cache=0&sync_timestamp=1577806297529&other_urls=https%3A%2F%2Fregistry.npm.taobao.org%2Flodash.camelcase%2Fdownload%2Flodash.camelcase-4.3.0.tgz#b28aa6288a2b9fc651035c7711f65ab6190331a6"
  integrity sha1-soqmKIorn8ZRA1x3EfZathkDMaY=

loose-envify@^1.1.0, loose-envify@^1.4.0:
  version "1.4.0"
  resolved "https://registry.npm.taobao.org/loose-envify/download/loose-envify-1.4.0.tgz#71ee51fa7be4caec1a63839f7e682d8132d30caf"
  integrity sha1-ce5R+nvkyuwaY4OffmgtgTLTDK8=
  dependencies:
    js-tokens "^3.0.0 || ^4.0.0"

mdast-add-list-metadata@1.0.1:
  version "1.0.1"
  resolved "https://registry.npm.taobao.org/mdast-add-list-metadata/download/mdast-add-list-metadata-1.0.1.tgz?cache=0&sync_timestamp=1603110779653&other_urls=https%3A%2F%2Fregistry.npm.taobao.org%2Fmdast-add-list-metadata%2Fdownload%2Fmdast-add-list-metadata-1.0.1.tgz#95e73640ce2fc1fa2dcb7ec443d09e2bfe7db4cf"
  integrity sha1-lec2QM4vwfoty37EQ9CeK/59tM8=
  dependencies:
    unist-util-visit-parents "1.1.2"

mdast-util-from-markdown@^0.8.0:
  version "0.8.5"
  resolved "https://registry.npm.taobao.org/mdast-util-from-markdown/download/mdast-util-from-markdown-0.8.5.tgz?cache=0&sync_timestamp=1612349676456&other_urls=https%3A%2F%2Fregistry.npm.taobao.org%2Fmdast-util-from-markdown%2Fdownload%2Fmdast-util-from-markdown-0.8.5.tgz#d1ef2ca42bc377ecb0463a987910dae89bd9a28c"
  integrity sha1-0e8spCvDd+ywRjqYeRDa6JvZoow=
  dependencies:
    "@types/mdast" "^3.0.0"
    mdast-util-to-string "^2.0.0"
    micromark "~2.11.0"
    parse-entities "^2.0.0"
    unist-util-stringify-position "^2.0.0"

mdast-util-to-string@^2.0.0:
  version "2.0.0"
  resolved "https://registry.npm.taobao.org/mdast-util-to-string/download/mdast-util-to-string-2.0.0.tgz#b8cfe6a713e1091cb5b728fc48885a4767f8b97b"
  integrity sha1-uM/mpxPhCRy1tyj8SIhaR2f4uXs=

micromark@~2.11.0:
  version "2.11.4"
  resolved "https://registry.npm.taobao.org/micromark/download/micromark-2.11.4.tgz?cache=0&sync_timestamp=1612441117430&other_urls=https%3A%2F%2Fregistry.npm.taobao.org%2Fmicromark%2Fdownload%2Fmicromark-2.11.4.tgz#d13436138eea826383e822449c9a5c50ee44665a"
  integrity sha1-0TQ2E47qgmOD6CJEnJpcUO5EZlo=
  dependencies:
    debug "^4.0.0"
    parse-entities "^2.0.0"

minimatch@^3.0.4:
  version "3.0.4"
  resolved "https://registry.npm.taobao.org/minimatch/download/minimatch-3.0.4.tgz#5166e286457f03306064be5497e8dbb0c3d32083"
  integrity sha1-UWbihkV/AzBgZL5Ul+jbsMPTIIM=
  dependencies:
    brace-expansion "^1.1.7"

moment@^2.29.1:
  version "2.29.1"
  resolved "https://registry.npm.taobao.org/moment/download/moment-2.29.1.tgz#b2be769fa31940be9eeea6469c075e35006fa3d3"
  integrity sha1-sr52n6MZQL6e7qZGnAdeNQBvo9M=

ms@2.1.2:
  version "2.1.2"
  resolved "https://registry.npm.taobao.org/ms/download/ms-2.1.2.tgz#d09d1f357b443f493382a8eb3ccd183872ae6009"
  integrity sha1-0J0fNXtEP0kzgqjrPM0YOHKuYAk=

nanoid@^3.1.30:
  version "3.3.1"
  resolved "https://registry.yarnpkg.com/nanoid/-/nanoid-3.3.1.tgz#6347a18cac88af88f58af0b3594b723d5e99bb35"
  integrity sha512-n6Vs/3KGyxPQd6uO0eH4Bv0ojGSUvuLlIHtC3Y0kEO23YRge8H9x1GCzLn28YX0H66pMkxuaeESFq4tKISKwdw==

next@^12.1.0:
  version "12.1.0"
  resolved "https://registry.yarnpkg.com/next/-/next-12.1.0.tgz#c33d753b644be92fc58e06e5a214f143da61dd5d"
  integrity sha512-s885kWvnIlxsUFHq9UGyIyLiuD0G3BUC/xrH0CEnH5lHEWkwQcHOORgbDF0hbrW9vr/7am4ETfX4A7M6DjrE7Q==
  dependencies:
    "@next/env" "12.1.0"
    caniuse-lite "^1.0.30001283"
    postcss "8.4.5"
    styled-jsx "5.0.0"
    use-subscription "1.5.1"
  optionalDependencies:
    "@next/swc-android-arm64" "12.1.0"
    "@next/swc-darwin-arm64" "12.1.0"
    "@next/swc-darwin-x64" "12.1.0"
    "@next/swc-linux-arm-gnueabihf" "12.1.0"
    "@next/swc-linux-arm64-gnu" "12.1.0"
    "@next/swc-linux-arm64-musl" "12.1.0"
    "@next/swc-linux-x64-gnu" "12.1.0"
    "@next/swc-linux-x64-musl" "12.1.0"
    "@next/swc-win32-arm64-msvc" "12.1.0"
    "@next/swc-win32-ia32-msvc" "12.1.0"
    "@next/swc-win32-x64-msvc" "12.1.0"

object-assign@^4.1.1:
  version "4.1.1"
  resolved "https://registry.npm.taobao.org/object-assign/download/object-assign-4.1.1.tgz#2109adc7965887cfc05cbbd442cac8bfbb360863"
  integrity sha1-IQmtx5ZYh8/AXLvUQsrIv7s2CGM=

once@^1.3.0:
  version "1.4.0"
  resolved "https://registry.npm.taobao.org/once/download/once-1.4.0.tgz#583b1aa775961d4b113ac17d9c50baef9dd76bd1"
  integrity sha1-WDsap3WWHUsROsF9nFC6753Xa9E=
  dependencies:
    wrappy "1"

parse-entities@^2.0.0:
  version "2.0.0"
  resolved "https://registry.npm.taobao.org/parse-entities/download/parse-entities-2.0.0.tgz?cache=0&other_urls=https%3A%2F%2Fregistry.npm.taobao.org%2Fparse-entities%2Fdownload%2Fparse-entities-2.0.0.tgz#53c6eb5b9314a1f4ec99fa0fdf7ce01ecda0cbe8"
  integrity sha1-U8brW5MUofTsmfoP33zgHs2gy+g=
  dependencies:
    character-entities "^1.0.0"
    character-entities-legacy "^1.0.0"
    character-reference-invalid "^1.0.0"
    is-alphanumerical "^1.0.0"
    is-decimal "^1.0.0"
    is-hexadecimal "^1.0.0"

path-is-absolute@^1.0.0:
  version "1.0.1"
  resolved "https://registry.npm.taobao.org/path-is-absolute/download/path-is-absolute-1.0.1.tgz#174b9268735534ffbc7ace6bf53a5a9e1b5c5f5f"
  integrity sha1-F0uSaHNVNP+8es5r9TpanhtcX18=

picocolors@^1.0.0:
  version "1.0.0"
  resolved "https://registry.yarnpkg.com/picocolors/-/picocolors-1.0.0.tgz#cb5bdc74ff3f51892236eaf79d68bc44564ab81c"
  integrity sha512-1fygroTLlHu66zi26VoTDv8yRgm0Fccecssto+MhsZ0D/DGW2sm8E8AjW7NU5VVTRt5GxbeZ5qBuJr+HyLYkjQ==

popper.js@1.16.1-lts:
  version "1.16.1-lts"
  resolved "https://registry.npm.taobao.org/popper.js/download/popper.js-1.16.1-lts.tgz#cf6847b807da3799d80ee3d6d2f90df8a3f50b05"
  integrity sha1-z2hHuAfaN5nYDuPW0vkN+KP1CwU=

postcss@8.4.5:
  version "8.4.5"
  resolved "https://registry.yarnpkg.com/postcss/-/postcss-8.4.5.tgz#bae665764dfd4c6fcc24dc0fdf7e7aa00cc77f95"
  integrity sha512-jBDboWM8qpaqwkMwItqTQTiFikhs/67OYVvblFFTM7MrZjt6yMKd6r2kgXizEbTTljacm4NldIlZnhbjr84QYg==
  dependencies:
    nanoid "^3.1.30"
    picocolors "^1.0.0"
    source-map-js "^1.0.1"

prop-types@^15.6.2, prop-types@^15.7.2:
  version "15.7.2"
  resolved "https://registry.npm.taobao.org/prop-types/download/prop-types-15.7.2.tgz#52c41e75b8c87e72b9d9360e0206b99dcbffa6c5"
  integrity sha1-UsQedbjIfnK52TYOAga5ncv/psU=
  dependencies:
    loose-envify "^1.4.0"
    object-assign "^4.1.1"
    react-is "^16.8.1"

ramda@^0.27.1:
  version "0.27.1"
  resolved "https://registry.npm.taobao.org/ramda/download/ramda-0.27.1.tgz?cache=0&sync_timestamp=1596096977006&other_urls=https%3A%2F%2Fregistry.npm.taobao.org%2Framda%2Fdownload%2Framda-0.27.1.tgz#66fc2df3ef873874ffc2da6aa8984658abacf5c9"
  integrity sha1-Zvwt8++HOHT/wtpqqJhGWKus9ck=

react-dom@^17.0.2:
  version "17.0.2"
  resolved "https://registry.nlark.com/react-dom/download/react-dom-17.0.2.tgz?cache=0&sync_timestamp=1620663900976&other_urls=https%3A%2F%2Fregistry.nlark.com%2Freact-dom%2Fdownload%2Freact-dom-17.0.2.tgz#ecffb6845e3ad8dbfcdc498f0d0a939736502c23"
  integrity sha1-7P+2hF462Nv83EmPDQqTlzZQLCM=
  dependencies:
    loose-envify "^1.1.0"
    object-assign "^4.1.1"
    scheduler "^0.20.2"

react-is@^16.7.0, react-is@^16.8.1, react-is@^16.8.6:
  version "16.13.1"
  resolved "https://registry.npm.taobao.org/react-is/download/react-is-16.13.1.tgz?cache=0&sync_timestamp=1612455640462&other_urls=https%3A%2F%2Fregistry.npm.taobao.org%2Freact-is%2Fdownload%2Freact-is-16.13.1.tgz#789729a4dc36de2999dc156dd6c1d9c18cea56a4"
  integrity sha1-eJcppNw23imZ3BVt1sHZwYzqVqQ=

"react-is@^16.8.0 || ^17.0.0":
  version "17.0.2"
  resolved "https://registry.yarnpkg.com/react-is/-/react-is-17.0.2.tgz#e691d4a8e9c789365655539ab372762b0efb54f0"
  integrity sha512-w2GsyukL62IJnlaff/nRegPQR94C/XXamvMWmSHRJ4y7Ts/4ocGRmTHvOs8PSE6pB3dWOrD/nueuU5sduBsQ4w==

react-markdown@^5.0.3:
  version "5.0.3"
  resolved "https://registry.npm.taobao.org/react-markdown/download/react-markdown-5.0.3.tgz#41040ea7a9324b564b328fb81dd6c04f2a5373ac"
  integrity sha1-QQQOp6kyS1ZLMo+4HdbATypTc6w=
  dependencies:
    "@types/mdast" "^3.0.3"
    "@types/unist" "^2.0.3"
    html-to-react "^1.3.4"
    mdast-add-list-metadata "1.0.1"
    prop-types "^15.7.2"
    react-is "^16.8.6"
    remark-parse "^9.0.0"
    unified "^9.0.0"
    unist-util-visit "^2.0.0"
    xtend "^4.0.1"

react-transition-group@^4.4.0:
  version "4.4.1"
  resolved "https://registry.npm.taobao.org/react-transition-group/download/react-transition-group-4.4.1.tgz?cache=0&sync_timestamp=1588776719104&other_urls=https%3A%2F%2Fregistry.npm.taobao.org%2Freact-transition-group%2Fdownload%2Freact-transition-group-4.4.1.tgz#63868f9325a38ea5ee9535d828327f85773345c9"
  integrity sha1-Y4aPkyWjjqXulTXYKDJ/hXczRck=
  dependencies:
    "@babel/runtime" "^7.5.5"
    dom-helpers "^5.0.1"
    loose-envify "^1.4.0"
    prop-types "^15.6.2"

react@^17.0.2:
  version "17.0.2"
  resolved "https://registry.nlark.com/react/download/react-17.0.2.tgz?cache=0&sync_timestamp=1620664134547&other_urls=https%3A%2F%2Fregistry.nlark.com%2Freact%2Fdownload%2Freact-17.0.2.tgz#d0b5cc516d29eb3eee383f75b62864cfb6800037"
  integrity sha1-0LXMUW0p6z7uOD91tihkz7aAADc=
  dependencies:
    loose-envify "^1.1.0"
    object-assign "^4.1.1"

regenerator-runtime@^0.13.4:
  version "0.13.7"
  resolved "https://registry.npm.taobao.org/regenerator-runtime/download/regenerator-runtime-0.13.7.tgz#cac2dacc8a1ea675feaabaeb8ae833898ae46f55"
  integrity sha1-ysLazIoepnX+qrrriugziYrkb1U=

remark-parse@^9.0.0:
  version "9.0.0"
  resolved "https://registry.npm.taobao.org/remark-parse/download/remark-parse-9.0.0.tgz?cache=0&sync_timestamp=1602663537781&other_urls=https%3A%2F%2Fregistry.npm.taobao.org%2Fremark-parse%2Fdownload%2Fremark-parse-9.0.0.tgz#4d20a299665880e4f4af5d90b7c7b8a935853640"
  integrity sha1-TSCimWZYgOT0r12Qt8e4qTWFNkA=
  dependencies:
    mdast-util-from-markdown "^0.8.0"

rimraf@^3.0.2:
  version "3.0.2"
  resolved "https://registry.npm.taobao.org/rimraf/download/rimraf-3.0.2.tgz#f1a5402ba6220ad52cc1282bac1ae3aa49fd061a"
  integrity sha1-8aVAK6YiCtUswSgrrBrjqkn9Bho=
  dependencies:
    glob "^7.1.3"

scheduler@^0.20.2:
  version "0.20.2"
  resolved "https://registry.nlark.com/scheduler/download/scheduler-0.20.2.tgz?cache=0&sync_timestamp=1620663431705&other_urls=https%3A%2F%2Fregistry.nlark.com%2Fscheduler%2Fdownload%2Fscheduler-0.20.2.tgz#4baee39436e34aa93b4874bddcbf0fe8b8b50e91"
  integrity sha1-S67jlDbjSqk7SHS93L8P6Li1DpE=
  dependencies:
    loose-envify "^1.1.0"
    object-assign "^4.1.1"

size-sensor@^1.0.0:
  version "1.0.1"
  resolved "https://registry.npm.taobao.org/size-sensor/download/size-sensor-1.0.1.tgz#f84e46206d3e259faff1d548e4b3beca93219dbb"
  integrity sha1-+E5GIG0+JZ+v8dVI5LO+ypMhnbs=

source-map-js@^1.0.1:
  version "1.0.2"
  resolved "https://registry.yarnpkg.com/source-map-js/-/source-map-js-1.0.2.tgz#adbc361d9c62df380125e7f161f71c826f1e490c"
  integrity sha512-R0XvVJ9WusLiqTCEiGCmICCMplcCkIwwR11mOSD9CR5u+IXYdiseeEuXCVAjS54zqwkLcPNnmU4OeJ6tUrWhDw==

styled-jsx@5.0.0:
  version "5.0.0"
  resolved "https://registry.yarnpkg.com/styled-jsx/-/styled-jsx-5.0.0.tgz#816b4b92e07b1786c6b7111821750e0ba4d26e77"
  integrity sha512-qUqsWoBquEdERe10EW8vLp3jT25s/ssG1/qX5gZ4wu15OZpmSMFI2v+fWlRhLfykA5rFtlJ1ME8A8pm/peV4WA==

symbol-observable@1.2.0:
  version "1.2.0"
  resolved "https://registry.npm.taobao.org/symbol-observable/download/symbol-observable-1.2.0.tgz?cache=0&sync_timestamp=1604338205051&other_urls=https%3A%2F%2Fregistry.npm.taobao.org%2Fsymbol-observable%2Fdownload%2Fsymbol-observable-1.2.0.tgz#c22688aed4eab3cdc2dfeacbb561660560a00804"
  integrity sha1-wiaIrtTqs83C3+rLtWFmBWCgCAQ=

tiny-warning@^1.0.2:
  version "1.0.3"
  resolved "https://registry.npm.taobao.org/tiny-warning/download/tiny-warning-1.0.3.tgz#94a30db453df4c643d0fd566060d60a875d84754"
  integrity sha1-lKMNtFPfTGQ9D9VmBg1gqHXYR1Q=

trough@^1.0.0:
  version "1.0.5"
  resolved "https://registry.npm.taobao.org/trough/download/trough-1.0.5.tgz#b8b639cefad7d0bb2abd37d433ff8293efa5f406"
  integrity sha1-uLY5zvrX0LsqvTfUM/+Ck++l9AY=

typescript@^4.1.2:
  version "4.1.3"
  resolved "https://registry.npm.taobao.org/typescript/download/typescript-4.1.3.tgz#519d582bd94cba0cf8934c7d8e8467e473f53bb7"
  integrity sha1-UZ1YK9lMugz4k0x9joRn5HP1O7c=

unified@^9.0.0:
  version "9.2.0"
  resolved "https://registry.npm.taobao.org/unified/download/unified-9.2.0.tgz#67a62c627c40589edebbf60f53edfd4d822027f8"
  integrity sha1-Z6YsYnxAWJ7eu/YPU+39TYIgJ/g=
  dependencies:
    bail "^1.0.0"
    extend "^3.0.0"
    is-buffer "^2.0.0"
    is-plain-obj "^2.0.0"
    trough "^1.0.0"
    vfile "^4.0.0"

unist-util-is@^4.0.0:
  version "4.0.4"
  resolved "https://registry.npm.taobao.org/unist-util-is/download/unist-util-is-4.0.4.tgz?cache=0&sync_timestamp=1606662751366&other_urls=https%3A%2F%2Fregistry.npm.taobao.org%2Funist-util-is%2Fdownload%2Funist-util-is-4.0.4.tgz#3e9e8de6af2eb0039a59f50c9b3e99698a924f50"
  integrity sha1-Pp6N5q8usAOaWfUMmz6ZaYqST1A=

unist-util-stringify-position@^2.0.0:
  version "2.0.3"
  resolved "https://registry.npm.taobao.org/unist-util-stringify-position/download/unist-util-stringify-position-2.0.3.tgz#cce3bfa1cdf85ba7375d1d5b17bdc4cada9bd9da"
  integrity sha1-zOO/oc34W6c3XR1bF73Eytqb2do=
  dependencies:
    "@types/unist" "^2.0.2"

unist-util-visit-parents@1.1.2:
  version "1.1.2"
  resolved "https://registry.npm.taobao.org/unist-util-visit-parents/download/unist-util-visit-parents-1.1.2.tgz#f6e3afee8bdbf961c0e6f028ea3c0480028c3d06"
  integrity sha1-9uOv7ovb+WHA5vAo6jwEgAKMPQY=

unist-util-visit-parents@^3.0.0:
  version "3.1.1"
  resolved "https://registry.npm.taobao.org/unist-util-visit-parents/download/unist-util-visit-parents-3.1.1.tgz#65a6ce698f78a6b0f56aa0e88f13801886cdaef6"
  integrity sha1-ZabOaY94prD1aqDojxOAGIbNrvY=
  dependencies:
    "@types/unist" "^2.0.0"
    unist-util-is "^4.0.0"

unist-util-visit@^2.0.0:
  version "2.0.3"
  resolved "https://registry.npm.taobao.org/unist-util-visit/download/unist-util-visit-2.0.3.tgz#c3703893146df47203bb8a9795af47d7b971208c"
  integrity sha1-w3A4kxRt9HIDu4qXla9H17lxIIw=
  dependencies:
    "@types/unist" "^2.0.0"
    unist-util-is "^4.0.0"
    unist-util-visit-parents "^3.0.0"

use-subscription@1.5.1:
  version "1.5.1"
  resolved "https://registry.nlark.com/use-subscription/download/use-subscription-1.5.1.tgz?cache=0&sync_timestamp=1620663593878&other_urls=https%3A%2F%2Fregistry.nlark.com%2Fuse-subscription%2Fdownload%2Fuse-subscription-1.5.1.tgz#73501107f02fad84c6dd57965beb0b75c68c42d1"
  integrity sha1-c1ARB/AvrYTG3VeWW+sLdcaMQtE=
  dependencies:
    object-assign "^4.1.1"

vfile-message@^2.0.0:
  version "2.0.4"
  resolved "https://registry.npm.taobao.org/vfile-message/download/vfile-message-2.0.4.tgz#5b43b88171d409eae58477d13f23dd41d52c371a"
  integrity sha1-W0O4gXHUCerlhHfRPyPdQdUsNxo=
  dependencies:
    "@types/unist" "^2.0.0"
    unist-util-stringify-position "^2.0.0"

vfile@^4.0.0:
  version "4.2.1"
  resolved "https://registry.npm.taobao.org/vfile/download/vfile-4.2.1.tgz?cache=0&sync_timestamp=1607256217448&other_urls=https%3A%2F%2Fregistry.npm.taobao.org%2Fvfile%2Fdownload%2Fvfile-4.2.1.tgz#03f1dce28fc625c625bc6514350fbdb00fa9e624"
  integrity sha1-A/Hc4o/GJcYlvGUUNQ+9sA+p5iQ=
  dependencies:
    "@types/unist" "^2.0.0"
    is-buffer "^2.0.0"
    unist-util-stringify-position "^2.0.0"
    vfile-message "^2.0.0"

wrappy@1:
  version "1.0.2"
  resolved "https://registry.npm.taobao.org/wrappy/download/wrappy-1.0.2.tgz#b5243d8f3ec1aa35f1364605bc0d1036e30ab69f"
  integrity sha1-tSQ9jz7BqjXxNkYFvA0QNuMKtp8=

xtend@^4.0.1:
  version "4.0.2"
  resolved "https://registry.npm.taobao.org/xtend/download/xtend-4.0.2.tgz#bb72779f5fa465186b1f438f674fa347fdb5db54"
  integrity sha1-u3J3n1+kZRhrH0OPZ0+jR/2121Q=

zrender@4.3.2:
  version "4.3.2"
  resolved "https://registry.npm.taobao.org/zrender/download/zrender-4.3.2.tgz?cache=0&sync_timestamp=1612184244085&other_urls=https%3A%2F%2Fregistry.npm.taobao.org%2Fzrender%2Fdownload%2Fzrender-4.3.2.tgz#ec7432f9415c82c73584b6b7b8c47e1b016209c6"
  integrity sha1-7HQy+UFcgsc1hLa3uMR+GwFiCcY=
